// !$*UTF8*$!
{
	archiveVersion = 1;
	classes = {
	};
	objectVersion = 46;
	objects = {

/* Begin PBXBuildFile section */
		93EE10141B8BE86A00BC5CBD /* AppDelegate.swift in Sources */ = {isa = PBXBuildFile; fileRef = 93EE10131B8BE86A00BC5CBD /* AppDelegate.swift */; };
		93EE10161B8BE86A00BC5CBD /* ViewController.swift in Sources */ = {isa = PBXBuildFile; fileRef = 93EE10151B8BE86A00BC5CBD /* ViewController.swift */; };
		93EE10191B8BE86A00BC5CBD /* Main.storyboard in Resources */ = {isa = PBXBuildFile; fileRef = 93EE10171B8BE86A00BC5CBD /* Main.storyboard */; };
		93EE101C1B8BE86A00BC5CBD /* Wishful.xcdatamodeld in Sources */ = {isa = PBXBuildFile; fileRef = 93EE101A1B8BE86A00BC5CBD /* Wishful.xcdatamodeld */; };
		93EE101E1B8BE86A00BC5CBD /* Assets.xcassets in Resources */ = {isa = PBXBuildFile; fileRef = 93EE101D1B8BE86A00BC5CBD /* Assets.xcassets */; };
		93EE10211B8BE86A00BC5CBD /* LaunchScreen.storyboard in Resources */ = {isa = PBXBuildFile; fileRef = 93EE101F1B8BE86A00BC5CBD /* LaunchScreen.storyboard */; };
/* End PBXBuildFile section */

/* Begin PBXFileReference section */
		93EE10101B8BE86A00BC5CBD /* Wishful.app */ = {isa = PBXFileReference; explicitFileType = wrapper.application; includeInIndex = 0; path = Wishful.app; sourceTree = BUILT_PRODUCTS_DIR; };
		93EE10131B8BE86A00BC5CBD /* AppDelegate.swift */ = {isa = PBXFileReference; lastKnownFileType = sourcecode.swift; path = AppDelegate.swift; sourceTree = "<group>"; };
		93EE10151B8BE86A00BC5CBD /* ViewController.swift */ = {isa = PBXFileReference; lastKnownFileType = sourcecode.swift; path = ViewController.swift; sourceTree = "<group>"; };
		93EE10181B8BE86A00BC5CBD /* Base */ = {isa = PBXFileReference; lastKnownFileType = file.storyboard; name = Base; path = Base.lproj/Main.storyboard; sourceTree = "<group>"; };
		93EE101B1B8BE86A00BC5CBD /* Wishful.xcdatamodel */ = {isa = PBXFileReference; lastKnownFileType = wrapper.xcdatamodel; path = Wishful.xcdatamodel; sourceTree = "<group>"; };
		93EE101D1B8BE86A00BC5CBD /* Assets.xcassets */ = {isa = PBXFileReference; lastKnownFileType = folder.assetcatalog; path = Assets.xcassets; sourceTree = "<group>"; };
		93EE10201B8BE86A00BC5CBD /* Base */ = {isa = PBXFileReference; lastKnownFileType = file.storyboard; name = Base; path = Base.lproj/LaunchScreen.storyboard; sourceTree = "<group>"; };
		93EE10221B8BE86A00BC5CBD /* Info.plist */ = {isa = PBXFileReference; lastKnownFileType = text.plist.xml; path = Info.plist; sourceTree = "<group>"; };
/* End PBXFileReference section */

/* Begin PBXFrameworksBuildPhase section */
		93EE100D1B8BE86A00BC5CBD /* Frameworks */ = {
			isa = PBXFrameworksBuildPhase;
			buildActionMask = 2147483647;
			files = (
			);
			runOnlyForDeploymentPostprocessing = 0;
		};
/* End PBXFrameworksBuildPhase section */

/* Begin PBXGroup section */
		93EE10071B8BE86A00BC5CBD = {
			isa = PBXGroup;
			children = (
				93EE10121B8BE86A00BC5CBD /* Wishful */,
				93EE10111B8BE86A00BC5CBD /* Products */,
			);
			sourceTree = "<group>";
		};
		93EE10111B8BE86A00BC5CBD /* Products */ = {
			isa = PBXGroup;
			children = (
				93EE10101B8BE86A00BC5CBD /* Wishful.app */,
			);
			name = Products;
			sourceTree = "<group>";
		};
		93EE10121B8BE86A00BC5CBD /* Wishful */ = {
			isa = PBXGroup;
			children = (
				93EE10131B8BE86A00BC5CBD /* AppDelegate.swift */,
				93EE10151B8BE86A00BC5CBD /* ViewController.swift */,
				93EE10171B8BE86A00BC5CBD /* Main.storyboard */,
				93EE101D1B8BE86A00BC5CBD /* Assets.xcassets */,
				93EE101F1B8BE86A00BC5CBD /* LaunchScreen.storyboard */,
				93EE10221B8BE86A00BC5CBD /* Info.plist */,
				93EE101A1B8BE86A00BC5CBD /* Wishful.xcdatamodeld */,
			);
			path = Wishful;
			sourceTree = "<group>";
		};
/* End PBXGroup section */

/* Begin PBXNativeTarget section */
		93EE100F1B8BE86A00BC5CBD /* Wishful */ = {
			isa = PBXNativeTarget;
			buildConfigurationList = 93EE10251B8BE86A00BC5CBD /* Build configuration list for PBXNativeTarget "Wishful" */;
			buildPhases = (
				93EE100C1B8BE86A00BC5CBD /* Sources */,
				93EE100D1B8BE86A00BC5CBD /* Frameworks */,
				93EE100E1B8BE86A00BC5CBD /* Resources */,
			);
			buildRules = (
			);
			dependencies = (
			);
			name = Wishful;
			productName = Wishful;
			productReference = 93EE10101B8BE86A00BC5CBD /* Wishful.app */;
			productType = "com.apple.product-type.application";
		};
/* End PBXNativeTarget section */

/* Begin PBXProject section */
		93EE10081B8BE86A00BC5CBD /* Project object */ = {
			isa = PBXProject;
			attributes = {
				LastUpgradeCheck = 0700;
				ORGANIZATIONNAME = "Scott Barlow";
				TargetAttributes = {
					93EE100F1B8BE86A00BC5CBD = {
						CreatedOnToolsVersion = 7.0;
					};
				};
			};
			buildConfigurationList = 93EE100B1B8BE86A00BC5CBD /* Build configuration list for PBXProject "Wishful" */;
			compatibilityVersion = "Xcode 3.2";
			developmentRegion = English;
			hasScannedForEncodings = 0;
			knownRegions = (
				en,
				Base,
			);
			mainGroup = 93EE10071B8BE86A00BC5CBD;
			productRefGroup = 93EE10111B8BE86A00BC5CBD /* Products */;
			projectDirPath = "";
			projectRoot = "";
			targets = (
				93EE100F1B8BE86A00BC5CBD /* Wishful */,
			);
		};
/* End PBXProject section */

/* Begin PBXResourcesBuildPhase section */
		93EE100E1B8BE86A00BC5CBD /* Resources */ = {
			isa = PBXResourcesBuildPhase;
			buildActionMask = 2147483647;
			files = (
				93EE10211B8BE86A00BC5CBD /* LaunchScreen.storyboard in Resources */,
				93EE101E1B8BE86A00BC5CBD /* Assets.xcassets in Resources */,
				93EE10191B8BE86A00BC5CBD /* Main.storyboard in Resources */,
			);
			runOnlyForDeploymentPostprocessing = 0;
		};
/* End PBXResourcesBuildPhase section */

/* Begin PBXSourcesBuildPhase section */
		93EE100C1B8BE86A00BC5CBD /* Sources */ = {
			isa = PBXSourcesBuildPhase;
			buildActionMask = 2147483647;
			files = (
				93EE10161B8BE86A00BC5CBD /* ViewController.swift in Sources */,
				93EE10141B8BE86A00BC5CBD /* AppDelegate.swift in Sources */,
				93EE101C1B8BE86A00BC5CBD /* Wishful.xcdatamodeld in Sources */,
			);
			runOnlyForDeploymentPostprocessing = 0;
		};
/* End PBXSourcesBuildPhase section */

/* Begin PBXVariantGroup section */
		93EE10171B8BE86A00BC5CBD /* Main.storyboard */ = {
			isa = PBXVariantGroup;
			children = (
				93EE10181B8BE86A00BC5CBD /* Base */,
			);
			name = Main.storyboard;
			sourceTree = "<group>";
		};
		93EE101F1B8BE86A00BC5CBD /* LaunchScreen.storyboard */ = {
			isa = PBXVariantGroup;
			children = (
				93EE10201B8BE86A00BC5CBD /* Base */,
			);
			name = LaunchScreen.storyboard;
			sourceTree = "<group>";
		};
/* End PBXVariantGroup section */

/* Begin XCBuildConfiguration section */
		93EE10231B8BE86A00BC5CBD /* Debug */ = {
			isa = XCBuildConfiguration;
			buildSettings = {
				ALWAYS_SEARCH_USER_PATHS = NO;
				CLANG_CXX_LANGUAGE_STANDARD = "gnu++0x";
				CLANG_CXX_LIBRARY = "libc++";
				CLANG_ENABLE_MODULES = YES;
				CLANG_ENABLE_OBJC_ARC = YES;
				CLANG_WARN_BOOL_CONVERSION = YES;
				CLANG_WARN_CONSTANT_CONVERSION = YES;
				CLANG_WARN_DIRECT_OBJC_ISA_USAGE = YES_ERROR;
				CLANG_WARN_EMPTY_BODY = YES;
				CLANG_WARN_ENUM_CONVERSION = YES;
				CLANG_WARN_INT_CONVERSION = YES;
				CLANG_WARN_OBJC_ROOT_CLASS = YES_ERROR;
				CLANG_WARN_UNREACHABLE_CODE = YES;
				CLANG_WARN__DUPLICATE_METHOD_MATCH = YES;
				"CODE_SIGN_IDENTITY[sdk=iphoneos*]" = "iPhone Developer";
				COPY_PHASE_STRIP = NO;
				DEBUG_INFORMATION_FORMAT = dwarf;
				ENABLE_STRICT_OBJC_MSGSEND = YES;
				ENABLE_TESTABILITY = YES;
				GCC_C_LANGUAGE_STANDARD = gnu99;
				GCC_DYNAMIC_NO_PIC = NO;
				GCC_NO_COMMON_BLOCKS = YES;
				GCC_OPTIMIZATION_LEVEL = 0;
				GCC_PREPROCESSOR_DEFINITIONS = (
					"DEBUG=1",
					"$(inherited)",
				);
				GCC_WARN_64_TO_32_BIT_CONVERSION = YES;
				GCC_WARN_ABOUT_RETURN_TYPE = YES_ERROR;
				GCC_WARN_UNDECLARED_SELECTOR = YES;
				GCC_WARN_UNINITIALIZED_AUTOS = YES_AGGRESSIVE;
				GCC_WARN_UNUSED_FUNCTION = YES;
				GCC_WARN_UNUSED_VARIABLE = YES;
				IPHONEOS_DEPLOYMENT_TARGET = 9.0;
				MTL_ENABLE_DEBUG_INFO = YES;
				ONLY_ACTIVE_ARCH = YES;
				SDKROOT = iphoneos;
				SWIFT_OPTIMIZATION_LEVEL = "-Onone";
				TARGETED_DEVICE_FAMILY = "1,2";
			};
			name = Debug;
		};
		93EE10241B8BE86A00BC5CBD /* Release */ = {
			isa = XCBuildConfiguration;
			buildSettings = {
				ALWAYS_SEARCH_USER_PATHS = NO;
				CLANG_CXX_LANGUAGE_STANDARD = "gnu++0x";
				CLANG_CXX_LIBRARY = "libc++";
				CLANG_ENABLE_MODULES = YES;
				CLANG_ENABLE_OBJC_ARC = YES;
				CLANG_WARN_BOOL_CONVERSION = YES;
				CLANG_WARN_CONSTANT_CONVERSION = YES;
				CLANG_WARN_DIRECT_OBJC_ISA_USAGE = YES_ERROR;
				CLANG_WARN_EMPTY_BODY = YES;
				CLANG_WARN_ENUM_CONVERSION = YES;
				CLANG_WARN_INT_CONVERSION = YES;
				CLANG_WARN_OBJC_ROOT_CLASS = YES_ERROR;
				CLANG_WARN_UNREACHABLE_CODE = YES;
				CLANG_WARN__DUPLICATE_METHOD_MATCH = YES;
				"CODE_SIGN_IDENTITY[sdk=iphoneos*]" = "iPhone Developer";
				COPY_PHASE_STRIP = NO;
				DEBUG_INFORMATION_FORMAT = "dwarf-with-dsym";
				ENABLE_NS_ASSERTIONS = NO;
				ENABLE_STRICT_OBJC_MSGSEND = YES;
				GCC_C_LANGUAGE_STANDARD = gnu99;
				GCC_NO_COMMON_BLOCKS = YES;
				GCC_WARN_64_TO_32_BIT_CONVERSION = YES;
				GCC_WARN_ABOUT_RETURN_TYPE = YES_ERROR;
				GCC_WARN_UNDECLARED_SELECTOR = YES;
				GCC_WARN_UNINITIALIZED_AUTOS = YES_AGGRESSIVE;
				GCC_WARN_UNUSED_FUNCTION = YES;
				GCC_WARN_UNUSED_VARIABLE = YES;
				IPHONEOS_DEPLOYMENT_TARGET = 9.0;
				MTL_ENABLE_DEBUG_INFO = NO;
				SDKROOT = iphoneos;
				TARGETED_DEVICE_FAMILY = "1,2";
				VALIDATE_PRODUCT = YES;
			};
			name = Release;
		};
		93EE10261B8BE86A00BC5CBD /* Debug */ = {
			isa = XCBuildConfiguration;
			buildSettings = {
				ASSETCATALOG_COMPILER_APPICON_NAME = AppIcon;
				INFOPLIST_FILE = Wishful/Info.plist;
				LD_RUNPATH_SEARCH_PATHS = "$(inherited) @executable_path/Frameworks";
				PRODUCT_BUNDLE_IDENTIFIER = co.teamapps.Wishful;
				PRODUCT_NAME = "$(TARGET_NAME)";
			};
			name = Debug;
		};
		93EE10271B8BE86A00BC5CBD /* Release */ = {
			isa = XCBuildConfiguration;
			buildSettings = {
				ASSETCATALOG_COMPILER_APPICON_NAME = AppIcon;
				INFOPLIST_FILE = Wishful/Info.plist;
				LD_RUNPATH_SEARCH_PATHS = "$(inherited) @executable_path/Frameworks";
				PRODUCT_BUNDLE_IDENTIFIER = co.teamapps.Wishful;
				PRODUCT_NAME = "$(TARGET_NAME)";
			};
			name = Release;
		};
/* End XCBuildConfiguration section */

/* Begin XCConfigurationList section */
		93EE100B1B8BE86A00BC5CBD /* Build configuration list for PBXProject "Wishful" */ = {
			isa = XCConfigurationList;
			buildConfigurations = (
				93EE10231B8BE86A00BC5CBD /* Debug */,
				93EE10241B8BE86A00BC5CBD /* Release */,
			);
			defaultConfigurationIsVisible = 0;
			defaultConfigurationName = Release;
		};
		93EE10251B8BE86A00BC5CBD /* Build configuration list for PBXNativeTarget "Wishful" */ = {
			isa = XCConfigurationList;
			buildConfigurations = (
				93EE10261B8BE86A00BC5CBD /* Debug */,
				93EE10271B8BE86A00BC5CBD /* Release */,
			);
			defaultConfigurationIsVisible = 0;
		};
/* End XCConfigurationList section */

/* Begin XCVersionGroup section */
		93EE101A1B8BE86A00BC5CBD /* Wishful.xcdatamodeld */ = {
			isa = XCVersionGroup;
			children = (
				93EE101B1B8BE86A00BC5CBD /* Wishful.xcdatamodel */,
			);
			currentVersion = 93EE101B1B8BE86A00BC5CBD /* Wishful.xcdatamodel */;
			path = Wishful.xcdatamodeld;
			sourceTree = "<group>";
			versionGroupType = wrapper.xcdatamodel;
		};
/* End XCVersionGroup section */
	};
	rootObject = 93EE10081B8BE86A00BC5CBD /* Project object */;
}
